
Microsoft Visual Studio Solution File, Format Version 12.00
# Visual Studio Version 16
VisualStudioVersion = 16.0.29920.165
MinimumVisualStudioVersion = 10.0.40219.1
Project("{FAE04EC0-301F-11D3-BF4B-00C04F79EFBC}") = "Bookswagon", "Bookswagon.csproj", "{5CF6F3E3-2ED8-4E7F-BF40-245F14434660}"
EndProject
Global
	GlobalSection(SolutionConfigurationPlatforms) = preSolution
		Debug|Any CPU = Debug|Any CPU
		Release|Any CPU = Release|Any CPU
	EndGlobalSection
	GlobalSection(ProjectConfigurationPlatforms) = postSolution
		{5CF6F3E3-2ED8-4E7F-BF40-245F14434660}.Debug|Any CPU.ActiveCfg = Debug|Any CPU
		{5CF6F3E3-2ED8-4E7F-BF40-245F14434660}.Debug|Any CPU.Build.0 = Debug|Any CPU
		{5CF6F3E3-2ED8-4E7F-BF40-245F14434660}.Release|Any CPU.ActiveCfg = Release|Any CPU
		{5CF6F3E3-2ED8-4E7F-BF40-245F14434660}.Release|Any CPU.Build.0 = Release|Any CPU
	EndGlobalSection
	GlobalSection(SolutionProperties) = preSolution
		HideSolutionNode = FALSE
	EndGlobalSection
	GlobalSection(ExtensibilityGlobals) = postSolution
		SolutionGuid = {2CD3FCD3-8AB1-4415-AC18-4A43A90DDBBA}
	EndGlobalSection
EndGlobal
